{
  "name": "client",
  "lockfileVersion": 3,
  "requires": true,
  "packages": {
    "": {
      "devDependencies": {
        "workbox-window": "^7.4.0"
      }
    },
    "node_modules/@types/trusted-types": {
      "version": "2.0.7",
      "resolved": "https://registry.npmjs.org/@types/trusted-types/-/trusted-types-2.0.7.tgz",
      "integrity": "sha512-ScaPdn1dQczgbl0QFTeTOmVHFULt394XJgOQNoyVhZ6r2vLnMLJfBPd53SB52T/3G36VI1/g2MZaX0cwDuXsfw==",
      "dev": true,
      "license": "MIT"
    },
    "node_modules/workbox-core": {
      "version": "7.4.0",
      "resolved": "https://registry.npmjs.org/workbox-core/-/workbox-core-7.4.0.tgz",
      "integrity": "sha512-6BMfd8tYEnN4baG4emG9U0hdXM4gGuDU3ectXuVHnj71vwxTFI7WOpQJC4siTOlVtGqCUtj0ZQNsrvi6kZZTAQ==",
      "dev": true,
      "license": "MIT"
    },
    "node_modules/workbox-window": {
      "version": "7.4.0",
      "resolved": "https://registry.npmjs.org/workbox-window/-/workbox-window-7.4.0.tgz",
      "integrity": "sha512-/bIYdBLAVsNR3v7gYGaV4pQW3M3kEPx5E8vDxGvxo6khTrGtSSCS7QiFKv9ogzBgZiy0OXLP9zO28U/1nF1mfw==",
      "dev": true,
      "license": "MIT",
      "dependencies": {
        "@types/trusted-types": "^2.0.2",
        "workbox-core": "7.4.0"
      }
    }
  }
}
